// !$*UTF8*$!
{
	archiveVersion = 1;
	classes = {
	};
	objectVersion = 50;
	objects = {

/* Begin PBXBuildFile section */
		931A8A7225C2B6AE0007CD98 /* AppDelegate.swift in Sources */ = {isa = PBXBuildFile; fileRef = 931A8A7125C2B6AE0007CD98 /* AppDelegate.swift */; };
		931A8A7425C2B6AE0007CD98 /* GameScene.sks in Resources */ = {isa = PBXBuildFile; fileRef = 931A8A7325C2B6AE0007CD98 /* GameScene.sks */; };
		931A8A7625C2B6AE0007CD98 /* Actions.sks in Resources */ = {isa = PBXBuildFile; fileRef = 931A8A7525C2B6AE0007CD98 /* Actions.sks */; };
		931A8A7825C2B6AE0007CD98 /* GameScene.swift in Sources */ = {isa = PBXBuildFile; fileRef = 931A8A7725C2B6AE0007CD98 /* GameScene.swift */; };
		931A8A7A25C2B6AE0007CD98 /* GameViewController.swift in Sources */ = {isa = PBXBuildFile; fileRef = 931A8A7925C2B6AE0007CD98 /* GameViewController.swift */; };
		931A8A7D25C2B6AE0007CD98 /* Main.storyboard in Resources */ = {isa = PBXBuildFile; fileRef = 931A8A7B25C2B6AE0007CD98 /* Main.storyboard */; };
		931A8A7F25C2B6B00007CD98 /* Assets.xcassets in Resources */ = {isa = PBXBuildFile; fileRef = 931A8A7E25C2B6B00007CD98 /* Assets.xcassets */; };
		931A8A8925C2B73B0007CD98 /* SnakeBodyPart.swift in Sources */ = {isa = PBXBuildFile; fileRef = 931A8A8825C2B73B0007CD98 /* SnakeBodyPart.swift */; };
		931A8A8C25C2B7570007CD98 /* SnakeHead.swift in Sources */ = {isa = PBXBuildFile; fileRef = 931A8A8B25C2B7570007CD98 /* SnakeHead.swift */; };
		931A8A8F25C2B76C0007CD98 /* Snake.swift in Sources */ = {isa = PBXBuildFile; fileRef = 931A8A8E25C2B76C0007CD98 /* Snake.swift */; };
		931A8A9225C2B7900007CD98 /* Apple.swift in Sources */ = {isa = PBXBuildFile; fileRef = 931A8A9125C2B7900007CD98 /* Apple.swift */; };
/* End PBXBuildFile section */

/* Begin PBXFileReference section */
		931A8A6E25C2B6AE0007CD98 /* Snake.app */ = {isa = PBXFileReference; explicitFileType = wrapper.application; includeInIndex = 0; path = Snake.app; sourceTree = BUILT_PRODUCTS_DIR; };
		931A8A7125C2B6AE0007CD98 /* AppDelegate.swift */ = {isa = PBXFileReference; lastKnownFileType = sourcecode.swift; path = AppDelegate.swift; sourceTree = "<group>"; };
		931A8A7325C2B6AE0007CD98 /* GameScene.sks */ = {isa = PBXFileReference; lastKnownFileType = file.sks; path = GameScene.sks; sourceTree = "<group>"; };
		931A8A7525C2B6AE0007CD98 /* Actions.sks */ = {isa = PBXFileReference; lastKnownFileType = file.sks; path = Actions.sks; sourceTree = "<group>"; };
		931A8A7725C2B6AE0007CD98 /* GameScene.swift */ = {isa = PBXFileReference; lastKnownFileType = sourcecode.swift; path = GameScene.swift; sourceTree = "<group>"; };
		931A8A7925C2B6AE0007CD98 /* GameViewController.swift */ = {isa = PBXFileReference; lastKnownFileType = sourcecode.swift; path = GameViewController.swift; sourceTree = "<group>"; };
		931A8A7C25C2B6AE0007CD98 /* Base */ = {isa = PBXFileReference; lastKnownFileType = file.storyboard; name = Base; path = Base.lproj/Main.storyboard; sourceTree = "<group>"; };
		931A8A7E25C2B6B00007CD98 /* Assets.xcassets */ = {isa = PBXFileReference; lastKnownFileType = folder.assetcatalog; path = Assets.xcassets; sourceTree = "<group>"; };
		931A8A8025C2B6B00007CD98 /* Info.plist */ = {isa = PBXFileReference; lastKnownFileType = text.plist.xml; path = Info.plist; sourceTree = "<group>"; };
		931A8A8825C2B73B0007CD98 /* SnakeBodyPart.swift */ = {isa = PBXFileReference; lastKnownFileType = sourcecode.swift; path = SnakeBodyPart.swift; sourceTree = "<group>"; };
		931A8A8B25C2B7570007CD98 /* SnakeHead.swift */ = {isa = PBXFileReference; lastKnownFileType = sourcecode.swift; path = SnakeHead.swift; sourceTree = "<group>"; };
		931A8A8E25C2B76C0007CD98 /* Snake.swift */ = {isa = PBXFileReference; lastKnownFileType = sourcecode.swift; path = Snake.swift; sourceTree = "<group>"; };
		931A8A9125C2B7900007CD98 /* Apple.swift */ = {isa = PBXFileReference; lastKnownFileType = sourcecode.swift; path = Apple.swift; sourceTree = "<group>"; };
/* End PBXFileReference section */

/* Begin PBXFrameworksBuildPhase section */
		931A8A6B25C2B6AE0007CD98 /* Frameworks */ = {
			isa = PBXFrameworksBuildPhase;
			buildActionMask = 2147483647;
			files = (
			);
			runOnlyForDeploymentPostprocessing = 0;
		};
/* End PBXFrameworksBuildPhase section */

/* Begin PBXGroup section */
		931A8A6525C2B6AE0007CD98 = {
			isa = PBXGroup;
			children = (
				931A8A7025C2B6AE0007CD98 /* Snake */,
				931A8A6F25C2B6AE0007CD98 /* Products */,
			);
			sourceTree = "<group>";
		};
		931A8A6F25C2B6AE0007CD98 /* Products */ = {
			isa = PBXGroup;
			children = (
				931A8A6E25C2B6AE0007CD98 /* Snake.app */,
			);
			name = Products;
			sourceTree = "<group>";
		};
		931A8A7025C2B6AE0007CD98 /* Snake */ = {
			isa = PBXGroup;
			children = (
				931A8A7125C2B6AE0007CD98 /* AppDelegate.swift */,
				931A8A7325C2B6AE0007CD98 /* GameScene.sks */,
				931A8A7525C2B6AE0007CD98 /* Actions.sks */,
				931A8A7725C2B6AE0007CD98 /* GameScene.swift */,
				931A8A8825C2B73B0007CD98 /* SnakeBodyPart.swift */,
				931A8A8B25C2B7570007CD98 /* SnakeHead.swift */,
				931A8A8E25C2B76C0007CD98 /* Snake.swift */,
				931A8A9125C2B7900007CD98 /* Apple.swift */,
				931A8A7925C2B6AE0007CD98 /* GameViewController.swift */,
				931A8A7B25C2B6AE0007CD98 /* Main.storyboard */,
				931A8A7E25C2B6B00007CD98 /* Assets.xcassets */,
				931A8A8025C2B6B00007CD98 /* Info.plist */,
			);
			path = Snake;
			sourceTree = "<group>";
		};
/* End PBXGroup section */

/* Begin PBXNativeTarget section */
		931A8A6D25C2B6AE0007CD98 /* Snake */ = {
			isa = PBXNativeTarget;
			buildConfigurationList = 931A8A8325C2B6B00007CD98 /* Build configuration list for PBXNativeTarget "Snake" */;
			buildPhases = (
				931A8A6A25C2B6AE0007CD98 /* Sources */,
				931A8A6B25C2B6AE0007CD98 /* Frameworks */,
				931A8A6C25C2B6AE0007CD98 /* Resources */,
			);
			buildRules = (
			);
			dependencies = (
			);
			name = Snake;
			productName = Snake;
			productReference = 931A8A6E25C2B6AE0007CD98 /* Snake.app */;
			productType = "com.apple.product-type.application";
		};
/* End PBXNativeTarget section */

/* Begin PBXProject section */
		931A8A6625C2B6AE0007CD98 /* Project object */ = {
			isa = PBXProject;
			attributes = {
				LastSwiftUpdateCheck = 1240;
				LastUpgradeCheck = 1240;
				TargetAttributes = {
					931A8A6D25C2B6AE0007CD98 = {
						CreatedOnToolsVersion = 12.4;
					};
				};
			};
			buildConfigurationList = 931A8A6925C2B6AE0007CD98 /* Build configuration list for PBXProject "Snake" */;
			compatibilityVersion = "Xcode 9.3";
			developmentRegion = en;
			hasScannedForEncodings = 0;
			knownRegions = (
				en,
				Base,
			);
			mainGroup = 931A8A6525C2B6AE0007CD98;
			productRefGroup = 931A8A6F25C2B6AE0007CD98 /* Products */;
			projectDirPath = "";
			projectRoot = "";
			targets = (
				931A8A6D25C2B6AE0007CD98 /* Snake */,
			);
		};
/* End PBXProject section */

/* Begin PBXResourcesBuildPhase section */
		931A8A6C25C2B6AE0007CD98 /* Resources */ = {
			isa = PBXResourcesBuildPhase;
			buildActionMask = 2147483647;
			files = (
				931A8A7D25C2B6AE0007CD98 /* Main.storyboard in Resources */,
				931A8A7425C2B6AE0007CD98 /* GameScene.sks in Resources */,
				931A8A7F25C2B6B00007CD98 /* Assets.xcassets in Resources */,
				931A8A7625C2B6AE0007CD98 /* Actions.sks in Resources */,
			);
			runOnlyForDeploymentPostprocessing = 0;
		};
/* End PBXResourcesBuildPhase section */

/* Begin PBXSourcesBuildPhase section */
		931A8A6A25C2B6AE0007CD98 /* Sources */ = {
			isa = PBXSourcesBuildPhase;
			buildActionMask = 2147483647;
			files = (
				931A8A8C25C2B7570007CD98 /* SnakeHead.swift in Sources */,
				931A8A7825C2B6AE0007CD98 /* GameScene.swift in Sources */,
				931A8A9225C2B7900007CD98 /* Apple.swift in Sources */,
				931A8A8F25C2B76C0007CD98 /* Snake.swift in Sources */,
				931A8A8925C2B73B0007CD98 /* SnakeBodyPart.swift in Sources */,
				931A8A7A25C2B6AE0007CD98 /* GameViewController.swift in Sources */,
				931A8A7225C2B6AE0007CD98 /* AppDelegate.swift in Sources */,
			);
			runOnlyForDeploymentPostprocessing = 0;
		};
/* End PBXSourcesBuildPhase section */

/* Begin PBXVariantGroup section */
		931A8A7B25C2B6AE0007CD98 /* Main.storyboard */ = {
			isa = PBXVariantGroup;
			children = (
				931A8A7C25C2B6AE0007CD98 /* Base */,
			);
			name = Main.storyboard;
			sourceTree = "<group>";
		};
/* End PBXVariantGroup section */

/* Begin XCBuildConfiguration section */
		931A8A8125C2B6B00007CD98 /* Debug */ = {
			isa = XCBuildConfiguration;
			buildSettings = {
				ALWAYS_SEARCH_USER_PATHS = NO;
				CLANG_ANALYZER_NONNULL = YES;
				CLANG_ANALYZER_NUMBER_OBJECT_CONVERSION = YES_AGGRESSIVE;
				CLANG_CXX_LANGUAGE_STANDARD = "gnu++14";
				CLANG_CXX_LIBRARY = "libc++";
				CLANG_ENABLE_MODULES = YES;
				CLANG_ENABLE_OBJC_ARC = YES;
				CLANG_ENABLE_OBJC_WEAK = YES;
				CLANG_WARN_BLOCK_CAPTURE_AUTORELEASING = YES;
				CLANG_WARN_BOOL_CONVERSION = YES;
				CLANG_WARN_COMMA = YES;
				CLANG_WARN_CONSTANT_CONVERSION = YES;
				CLANG_WARN_DEPRECATED_OBJC_IMPLEMENTATIONS = YES;
				CLANG_WARN_DIRECT_OBJC_ISA_USAGE = YES_ERROR;
				CLANG_WARN_DOCUMENTATION_COMMENTS = YES;
				CLANG_WARN_EMPTY_BODY = YES;
				CLANG_WARN_ENUM_CONVERSION = YES;
				CLANG_WARN_INFINITE_RECURSION = YES;
				CLANG_WARN_INT_CONVERSION = YES;
				CLANG_WARN_NON_LITERAL_NULL_CONVERSION = YES;
				CLANG_WARN_OBJC_IMPLICIT_RETAIN_SELF = YES;
				CLANG_WARN_OBJC_LITERAL_CONVERSION = YES;
				CLANG_WARN_OBJC_ROOT_CLASS = YES_ERROR;
				CLANG_WARN_QUOTED_INCLUDE_IN_FRAMEWORK_HEADER = YES;
				CLANG_WARN_RANGE_LOOP_ANALYSIS = YES;
				CLANG_WARN_STRICT_PROTOTYPES = YES;
				CLANG_WARN_SUSPICIOUS_MOVE = YES;
				CLANG_WARN_UNGUARDED_AVAILABILITY = YES_AGGRESSIVE;
				CLANG_WARN_UNREACHABLE_CODE = YES;
				CLANG_WARN__DUPLICATE_METHOD_MATCH = YES;
				COPY_PHASE_STRIP = NO;
				DEBUG_INFORMATION_FORMAT = dwarf;
				ENABLE_STRICT_OBJC_MSGSEND = YES;
				ENABLE_TESTABILITY = YES;
				GCC_C_LANGUAGE_STANDARD = gnu11;
				GCC_DYNAMIC_NO_PIC = NO;
				GCC_NO_COMMON_BLOCKS = YES;
				GCC_OPTIMIZATION_LEVEL = 0;
				GCC_PREPROCESSOR_DEFINITIONS = (
					"DEBUG=1",
					"$(inherited)",
				);
				GCC_WARN_64_TO_32_BIT_CONVERSION = YES;
				GCC_WARN_ABOUT_RETURN_TYPE = YES_ERROR;
				GCC_WARN_UNDECLARED_SELECTOR = YES;
				GCC_WARN_UNINITIALIZED_AUTOS = YES_AGGRESSIVE;
				GCC_WARN_UNUSED_FUNCTION = YES;
				GCC_WARN_UNUSED_VARIABLE = YES;
				IPHONEOS_DEPLOYMENT_TARGET = 14.4;
				MTL_ENABLE_DEBUG_INFO = INCLUDE_SOURCE;
				MTL_FAST_MATH = YES;
				ONLY_ACTIVE_ARCH = YES;
				SDKROOT = iphoneos;
				SWIFT_ACTIVE_COMPILATION_CONDITIONS = DEBUG;
				SWIFT_OPTIMIZATION_LEVEL = "-Onone";
			};
			name = Debug;
		};
		931A8A8225C2B6B00007CD98 /* Release */ = {
			isa = XCBuildConfiguration;
			buildSettings = {
				ALWAYS_SEARCH_USER_PATHS = NO;
				CLANG_ANALYZER_NONNULL = YES;
				CLANG_ANALYZER_NUMBER_OBJECT_CONVERSION = YES_AGGRESSIVE;
				CLANG_CXX_LANGUAGE_STANDARD = "gnu++14";
				CLANG_CXX_LIBRARY = "libc++";
				CLANG_ENABLE_MODULES = YES;
				CLANG_ENABLE_OBJC_ARC = YES;
				CLANG_ENABLE_OBJC_WEAK = YES;
				CLANG_WARN_BLOCK_CAPTURE_AUTORELEASING = YES;
				CLANG_WARN_BOOL_CONVERSION = YES;
				CLANG_WARN_COMMA = YES;
				CLANG_WARN_CONSTANT_CONVERSION = YES;
				CLANG_WARN_DEPRECATED_OBJC_IMPLEMENTATIONS = YES;
				CLANG_WARN_DIRECT_OBJC_ISA_USAGE = YES_ERROR;
				CLANG_WARN_DOCUMENTATION_COMMENTS = YES;
				CLANG_WARN_EMPTY_BODY = YES;
				CLANG_WARN_ENUM_CONVERSION = YES;
				CLANG_WARN_INFINITE_RECURSION = YES;
				CLANG_WARN_INT_CONVERSION = YES;
				CLANG_WARN_NON_LITERAL_NULL_CONVERSION = YES;
				CLANG_WARN_OBJC_IMPLICIT_RETAIN_SELF = YES;
				CLANG_WARN_OBJC_LITERAL_CONVERSION = YES;
				CLANG_WARN_OBJC_ROOT_CLASS = YES_ERROR;
				CLANG_WARN_QUOTED_INCLUDE_IN_FRAMEWORK_HEADER = YES;
				CLANG_WARN_RANGE_LOOP_ANALYSIS = YES;
				CLANG_WARN_STRICT_PROTOTYPES = YES;
				CLANG_WARN_SUSPICIOUS_MOVE = YES;
				CLANG_WARN_UNGUARDED_AVAILABILITY = YES_AGGRESSIVE;
				CLANG_WARN_UNREACHABLE_CODE = YES;
				CLANG_WARN__DUPLICATE_METHOD_MATCH = YES;
				COPY_PHASE_STRIP = NO;
				DEBUG_INFORMATION_FORMAT = "dwarf-with-dsym";
				ENABLE_NS_ASSERTIONS = NO;
				ENABLE_STRICT_OBJC_MSGSEND = YES;
				GCC_C_LANGUAGE_STANDARD = gnu11;
				GCC_NO_COMMON_BLOCKS = YES;
				GCC_WARN_64_TO_32_BIT_CONVERSION = YES;
				GCC_WARN_ABOUT_RETURN_TYPE = YES_ERROR;
				GCC_WARN_UNDECLARED_SELECTOR = YES;
				GCC_WARN_UNINITIALIZED_AUTOS = YES_AGGRESSIVE;
				GCC_WARN_UNUSED_FUNCTION = YES;
				GCC_WARN_UNUSED_VARIABLE = YES;
				IPHONEOS_DEPLOYMENT_TARGET = 14.4;
				MTL_ENABLE_DEBUG_INFO = NO;
				MTL_FAST_MATH = YES;
				SDKROOT = iphoneos;
				SWIFT_COMPILATION_MODE = wholemodule;
				SWIFT_OPTIMIZATION_LEVEL = "-O";
				VALIDATE_PRODUCT = YES;
			};
			name = Release;
		};
		931A8A8425C2B6B00007CD98 /* Debug */ = {
			isa = XCBuildConfiguration;
			buildSettings = {
				ASSETCATALOG_COMPILER_APPICON_NAME = AppIcon;
				ASSETCATALOG_COMPILER_GLOBAL_ACCENT_COLOR_NAME = AccentColor;
				CODE_SIGN_STYLE = Automatic;
				DEVELOPMENT_TEAM = J7DGUQ26N3;
				INFOPLIST_FILE = Snake/Info.plist;
				LD_RUNPATH_SEARCH_PATHS = (
					"$(inherited)",
					"@executable_path/Frameworks",
				);
				PRODUCT_BUNDLE_IDENTIFIER = Roga.Snake;
				PRODUCT_NAME = "$(TARGET_NAME)";
				SWIFT_VERSION = 5.0;
				TARGETED_DEVICE_FAMILY = 1;
			};
			name = Debug;
		};
		931A8A8525C2B6B00007CD98 /* Release */ = {
			isa = XCBuildConfiguration;
			buildSettings = {
				ASSETCATALOG_COMPILER_APPICON_NAME = AppIcon;
				ASSETCATALOG_COMPILER_GLOBAL_ACCENT_COLOR_NAME = AccentColor;
				CODE_SIGN_STYLE = Automatic;
				DEVELOPMENT_TEAM = J7DGUQ26N3;
				INFOPLIST_FILE = Snake/Info.plist;
				LD_RUNPATH_SEARCH_PATHS = (
					"$(inherited)",
					"@executable_path/Frameworks",
				);
				PRODUCT_BUNDLE_IDENTIFIER = Roga.Snake;
				PRODUCT_NAME = "$(TARGET_NAME)";
				SWIFT_VERSION = 5.0;
				TARGETED_DEVICE_FAMILY = 1;
			};
			name = Release;
		};
/* End XCBuildConfiguration section */

/* Begin XCConfigurationList section */
		931A8A6925C2B6AE0007CD98 /* Build configuration list for PBXProject "Snake" */ = {
			isa = XCConfigurationList;
			buildConfigurations = (
				931A8A8125C2B6B00007CD98 /* Debug */,
				931A8A8225C2B6B00007CD98 /* Release */,
			);
			defaultConfigurationIsVisible = 0;
			defaultConfigurationName = Release;
		};
		931A8A8325C2B6B00007CD98 /* Build configuration list for PBXNativeTarget "Snake" */ = {
			isa = XCConfigurationList;
			buildConfigurations = (
				931A8A8425C2B6B00007CD98 /* Debug */,
				931A8A8525C2B6B00007CD98 /* Release */,
			);
			defaultConfigurationIsVisible = 0;
			defaultConfigurationName = Release;
		};
/* End XCConfigurationList section */
	};
	rootObject = 931A8A6625C2B6AE0007CD98 /* Project object */;
}
